// !$*UTF8*$!
{
	archiveVersion = 1;
	classes = {
	};
	objectVersion = 50;
	objects = {

/* Begin PBXBuildFile section */
		BCAB80F9230F6A31008CD886 /* AppDelegate.swift in Sources */ = {isa = PBXBuildFile; fileRef = BCAB80F8230F6A31008CD886 /* AppDelegate.swift */; };
		BCAB80FE230F6A31008CD886 /* Main.storyboard in Resources */ = {isa = PBXBuildFile; fileRef = BCAB80FC230F6A31008CD886 /* Main.storyboard */; };
		BCAB8100230F6A31008CD886 /* Assets.xcassets in Resources */ = {isa = PBXBuildFile; fileRef = BCAB80FF230F6A31008CD886 /* Assets.xcassets */; };
		BCAB8103230F6A31008CD886 /* LaunchScreen.storyboard in Resources */ = {isa = PBXBuildFile; fileRef = BCAB8101230F6A31008CD886 /* LaunchScreen.storyboard */; };
		BCAB810E230F6A32008CD886 /* ExpensesTests.swift in Sources */ = {isa = PBXBuildFile; fileRef = BCAB810D230F6A32008CD886 /* ExpensesTests.swift */; };
		BCAB8119230F6A32008CD886 /* ExpensesUITests.swift in Sources */ = {isa = PBXBuildFile; fileRef = BCAB8118230F6A32008CD886 /* ExpensesUITests.swift */; };
		BCAB8129231028EB008CD886 /* Expense.swift in Sources */ = {isa = PBXBuildFile; fileRef = BCAB8128231028EB008CD886 /* Expense.swift */; };
		BCAB812B23102991008CD886 /* ExpensesViewController.swift in Sources */ = {isa = PBXBuildFile; fileRef = BCAB812A23102991008CD886 /* ExpensesViewController.swift */; };
		BCAB812D23103097008CD886 /* ExpenseTableViewCell.swift in Sources */ = {isa = PBXBuildFile; fileRef = BCAB812C23103097008CD886 /* ExpenseTableViewCell.swift */; };
/* End PBXBuildFile section */

/* Begin PBXContainerItemProxy section */
		BCAB810A230F6A32008CD886 /* PBXContainerItemProxy */ = {
			isa = PBXContainerItemProxy;
			containerPortal = BCAB80ED230F6A31008CD886 /* Project object */;
			proxyType = 1;
			remoteGlobalIDString = BCAB80F4230F6A31008CD886;
			remoteInfo = Expenses;
		};
		BCAB8115230F6A32008CD886 /* PBXContainerItemProxy */ = {
			isa = PBXContainerItemProxy;
			containerPortal = BCAB80ED230F6A31008CD886 /* Project object */;
			proxyType = 1;
			remoteGlobalIDString = BCAB80F4230F6A31008CD886;
			remoteInfo = Expenses;
		};
/* End PBXContainerItemProxy section */

/* Begin PBXFileReference section */
		BCAB80F5230F6A31008CD886 /* Expenses.app */ = {isa = PBXFileReference; explicitFileType = wrapper.application; includeInIndex = 0; path = Expenses.app; sourceTree = BUILT_PRODUCTS_DIR; };
		BCAB80F8230F6A31008CD886 /* AppDelegate.swift */ = {isa = PBXFileReference; lastKnownFileType = sourcecode.swift; path = AppDelegate.swift; sourceTree = "<group>"; };
		BCAB80FD230F6A31008CD886 /* Base */ = {isa = PBXFileReference; lastKnownFileType = file.storyboard; name = Base; path = Base.lproj/Main.storyboard; sourceTree = "<group>"; };
		BCAB80FF230F6A31008CD886 /* Assets.xcassets */ = {isa = PBXFileReference; lastKnownFileType = folder.assetcatalog; path = Assets.xcassets; sourceTree = "<group>"; };
		BCAB8102230F6A31008CD886 /* Base */ = {isa = PBXFileReference; lastKnownFileType = file.storyboard; name = Base; path = Base.lproj/LaunchScreen.storyboard; sourceTree = "<group>"; };
		BCAB8104230F6A31008CD886 /* Info.plist */ = {isa = PBXFileReference; lastKnownFileType = text.plist.xml; path = Info.plist; sourceTree = "<group>"; };
		BCAB8109230F6A32008CD886 /* ExpensesTests.xctest */ = {isa = PBXFileReference; explicitFileType = wrapper.cfbundle; includeInIndex = 0; path = ExpensesTests.xctest; sourceTree = BUILT_PRODUCTS_DIR; };
		BCAB810D230F6A32008CD886 /* ExpensesTests.swift */ = {isa = PBXFileReference; lastKnownFileType = sourcecode.swift; path = ExpensesTests.swift; sourceTree = "<group>"; };
		BCAB810F230F6A32008CD886 /* Info.plist */ = {isa = PBXFileReference; lastKnownFileType = text.plist.xml; path = Info.plist; sourceTree = "<group>"; };
		BCAB8114230F6A32008CD886 /* ExpensesUITests.xctest */ = {isa = PBXFileReference; explicitFileType = wrapper.cfbundle; includeInIndex = 0; path = ExpensesUITests.xctest; sourceTree = BUILT_PRODUCTS_DIR; };
		BCAB8118230F6A32008CD886 /* ExpensesUITests.swift */ = {isa = PBXFileReference; lastKnownFileType = sourcecode.swift; path = ExpensesUITests.swift; sourceTree = "<group>"; };
		BCAB811A230F6A32008CD886 /* Info.plist */ = {isa = PBXFileReference; lastKnownFileType = text.plist.xml; path = Info.plist; sourceTree = "<group>"; };
		BCAB8128231028EB008CD886 /* Expense.swift */ = {isa = PBXFileReference; lastKnownFileType = sourcecode.swift; path = Expense.swift; sourceTree = "<group>"; };
		BCAB812A23102991008CD886 /* ExpensesViewController.swift */ = {isa = PBXFileReference; lastKnownFileType = sourcecode.swift; path = ExpensesViewController.swift; sourceTree = "<group>"; };
		BCAB812C23103097008CD886 /* ExpenseTableViewCell.swift */ = {isa = PBXFileReference; lastKnownFileType = sourcecode.swift; path = ExpenseTableViewCell.swift; sourceTree = "<group>"; };
/* End PBXFileReference section */

/* Begin PBXFrameworksBuildPhase section */
		BCAB80F2230F6A31008CD886 /* Frameworks */ = {
			isa = PBXFrameworksBuildPhase;
			buildActionMask = 2147483647;
			files = (
			);
			runOnlyForDeploymentPostprocessing = 0;
		};
		BCAB8106230F6A32008CD886 /* Frameworks */ = {
			isa = PBXFrameworksBuildPhase;
			buildActionMask = 2147483647;
			files = (
			);
			runOnlyForDeploymentPostprocessing = 0;
		};
		BCAB8111230F6A32008CD886 /* Frameworks */ = {
			isa = PBXFrameworksBuildPhase;
			buildActionMask = 2147483647;
			files = (
			);
			runOnlyForDeploymentPostprocessing = 0;
		};
/* End PBXFrameworksBuildPhase section */

/* Begin PBXGroup section */
		BCAB80EC230F6A31008CD886 = {
			isa = PBXGroup;
			children = (
				BCAB80F7230F6A31008CD886 /* Expenses */,
				BCAB810C230F6A32008CD886 /* ExpensesTests */,
				BCAB8117230F6A32008CD886 /* ExpensesUITests */,
				BCAB80F6230F6A31008CD886 /* Products */,
			);
			sourceTree = "<group>";
		};
		BCAB80F6230F6A31008CD886 /* Products */ = {
			isa = PBXGroup;
			children = (
				BCAB80F5230F6A31008CD886 /* Expenses.app */,
				BCAB8109230F6A32008CD886 /* ExpensesTests.xctest */,
				BCAB8114230F6A32008CD886 /* ExpensesUITests.xctest */,
			);
			name = Products;
			sourceTree = "<group>";
		};
		BCAB80F7230F6A31008CD886 /* Expenses */ = {
			isa = PBXGroup;
			children = (
				BCAB80F8230F6A31008CD886 /* AppDelegate.swift */,
				BCAB80FC230F6A31008CD886 /* Main.storyboard */,
				BCAB80FF230F6A31008CD886 /* Assets.xcassets */,
				BCAB8101230F6A31008CD886 /* LaunchScreen.storyboard */,
				BCAB8104230F6A31008CD886 /* Info.plist */,
				BCAB8128231028EB008CD886 /* Expense.swift */,
				BCAB812A23102991008CD886 /* ExpensesViewController.swift */,
				BCAB812C23103097008CD886 /* ExpenseTableViewCell.swift */,
			);
			path = Expenses;
			sourceTree = "<group>";
		};
		BCAB810C230F6A32008CD886 /* ExpensesTests */ = {
			isa = PBXGroup;
			children = (
				BCAB810D230F6A32008CD886 /* ExpensesTests.swift */,
				BCAB810F230F6A32008CD886 /* Info.plist */,
			);
			path = ExpensesTests;
			sourceTree = "<group>";
		};
		BCAB8117230F6A32008CD886 /* ExpensesUITests */ = {
			isa = PBXGroup;
			children = (
				BCAB8118230F6A32008CD886 /* ExpensesUITests.swift */,
				BCAB811A230F6A32008CD886 /* Info.plist */,
			);
			path = ExpensesUITests;
			sourceTree = "<group>";
		};
/* End PBXGroup section */

/* Begin PBXNativeTarget section */
		BCAB80F4230F6A31008CD886 /* Expenses */ = {
			isa = PBXNativeTarget;
			buildConfigurationList = BCAB811D230F6A32008CD886 /* Build configuration list for PBXNativeTarget "Expenses" */;
			buildPhases = (
				BCAB80F1230F6A31008CD886 /* Sources */,
				BCAB80F2230F6A31008CD886 /* Frameworks */,
				BCAB80F3230F6A31008CD886 /* Resources */,
			);
			buildRules = (
			);
			dependencies = (
			);
			name = Expenses;
			productName = Expenses;
			productReference = BCAB80F5230F6A31008CD886 /* Expenses.app */;
			productType = "com.apple.product-type.application";
		};
		BCAB8108230F6A32008CD886 /* ExpensesTests */ = {
			isa = PBXNativeTarget;
			buildConfigurationList = BCAB8120230F6A32008CD886 /* Build configuration list for PBXNativeTarget "ExpensesTests" */;
			buildPhases = (
				BCAB8105230F6A32008CD886 /* Sources */,
				BCAB8106230F6A32008CD886 /* Frameworks */,
				BCAB8107230F6A32008CD886 /* Resources */,
			);
			buildRules = (
			);
			dependencies = (
				BCAB810B230F6A32008CD886 /* PBXTargetDependency */,
			);
			name = ExpensesTests;
			productName = ExpensesTests;
			productReference = BCAB8109230F6A32008CD886 /* ExpensesTests.xctest */;
			productType = "com.apple.product-type.bundle.unit-test";
		};
		BCAB8113230F6A32008CD886 /* ExpensesUITests */ = {
			isa = PBXNativeTarget;
			buildConfigurationList = BCAB8123230F6A32008CD886 /* Build configuration list for PBXNativeTarget "ExpensesUITests" */;
			buildPhases = (
				BCAB8110230F6A32008CD886 /* Sources */,
				BCAB8111230F6A32008CD886 /* Frameworks */,
				BCAB8112230F6A32008CD886 /* Resources */,
			);
			buildRules = (
			);
			dependencies = (
				BCAB8116230F6A32008CD886 /* PBXTargetDependency */,
			);
			name = ExpensesUITests;
			productName = ExpensesUITests;
			productReference = BCAB8114230F6A32008CD886 /* ExpensesUITests.xctest */;
			productType = "com.apple.product-type.bundle.ui-testing";
		};
/* End PBXNativeTarget section */

/* Begin PBXProject section */
		BCAB80ED230F6A31008CD886 /* Project object */ = {
			isa = PBXProject;
			attributes = {
				LastSwiftUpdateCheck = 1030;
				LastUpgradeCheck = 1030;
				ORGANIZATIONNAME = "Ryan Glascock";
				TargetAttributes = {
					BCAB80F4230F6A31008CD886 = {
						CreatedOnToolsVersion = 10.3;
					};
					BCAB8108230F6A32008CD886 = {
						CreatedOnToolsVersion = 10.3;
						TestTargetID = BCAB80F4230F6A31008CD886;
					};
					BCAB8113230F6A32008CD886 = {
						CreatedOnToolsVersion = 10.3;
						TestTargetID = BCAB80F4230F6A31008CD886;
					};
				};
			};
			buildConfigurationList = BCAB80F0230F6A31008CD886 /* Build configuration list for PBXProject "Expenses" */;
			compatibilityVersion = "Xcode 9.3";
			developmentRegion = en;
			hasScannedForEncodings = 0;
			knownRegions = (
				en,
				Base,
			);
			mainGroup = BCAB80EC230F6A31008CD886;
			productRefGroup = BCAB80F6230F6A31008CD886 /* Products */;
			projectDirPath = "";
			projectRoot = "";
			targets = (
				BCAB80F4230F6A31008CD886 /* Expenses */,
				BCAB8108230F6A32008CD886 /* ExpensesTests */,
				BCAB8113230F6A32008CD886 /* ExpensesUITests */,
			);
		};
/* End PBXProject section */

/* Begin PBXResourcesBuildPhase section */
		BCAB80F3230F6A31008CD886 /* Resources */ = {
			isa = PBXResourcesBuildPhase;
			buildActionMask = 2147483647;
			files = (
				BCAB8103230F6A31008CD886 /* LaunchScreen.storyboard in Resources */,
				BCAB8100230F6A31008CD886 /* Assets.xcassets in Resources */,
				BCAB80FE230F6A31008CD886 /* Main.storyboard in Resources */,
			);
			runOnlyForDeploymentPostprocessing = 0;
		};
		BCAB8107230F6A32008CD886 /* Resources */ = {
			isa = PBXResourcesBuildPhase;
			buildActionMask = 2147483647;
			files = (
			);
			runOnlyForDeploymentPostprocessing = 0;
		};
		BCAB8112230F6A32008CD886 /* Resources */ = {
			isa = PBXResourcesBuildPhase;
			buildActionMask = 2147483647;
			files = (
			);
			runOnlyForDeploymentPostprocessing = 0;
		};
/* End PBXResourcesBuildPhase section */

/* Begin PBXSourcesBuildPhase section */
		BCAB80F1230F6A31008CD886 /* Sources */ = {
			isa = PBXSourcesBuildPhase;
			buildActionMask = 2147483647;
			files = (
				BCAB812D23103097008CD886 /* ExpenseTableViewCell.swift in Sources */,
				BCAB8129231028EB008CD886 /* Expense.swift in Sources */,
				BCAB80F9230F6A31008CD886 /* AppDelegate.swift in Sources */,
				BCAB812B23102991008CD886 /* ExpensesViewController.swift in Sources */,
			);
			runOnlyForDeploymentPostprocessing = 0;
		};
		BCAB8105230F6A32008CD886 /* Sources */ = {
			isa = PBXSourcesBuildPhase;
			buildActionMask = 2147483647;
			files = (
				BCAB810E230F6A32008CD886 /* ExpensesTests.swift in Sources */,
			);
			runOnlyForDeploymentPostprocessing = 0;
		};
		BCAB8110230F6A32008CD886 /* Sources */ = {
			isa = PBXSourcesBuildPhase;
			buildActionMask = 2147483647;
			files = (
				BCAB8119230F6A32008CD886 /* ExpensesUITests.swift in Sources */,
			);
			runOnlyForDeploymentPostprocessing = 0;
		};
/* End PBXSourcesBuildPhase section */

/* Begin PBXTargetDependency section */
		BCAB810B230F6A32008CD886 /* PBXTargetDependency */ = {
			isa = PBXTargetDependency;
			target = BCAB80F4230F6A31008CD886 /* Expenses */;
			targetProxy = BCAB810A230F6A32008CD886 /* PBXContainerItemProxy */;
		};
		BCAB8116230F6A32008CD886 /* PBXTargetDependency */ = {
			isa = PBXTargetDependency;
			target = BCAB80F4230F6A31008CD886 /* Expenses */;
			targetProxy = BCAB8115230F6A32008CD886 /* PBXContainerItemProxy */;
		};
/* End PBXTargetDependency section */

/* Begin PBXVariantGroup section */
		BCAB80FC230F6A31008CD886 /* Main.storyboard */ = {
			isa = PBXVariantGroup;
			children = (
				BCAB80FD230F6A31008CD886 /* Base */,
			);
			name = Main.storyboard;
			sourceTree = "<group>";
		};
		BCAB8101230F6A31008CD886 /* LaunchScreen.storyboard */ = {
			isa = PBXVariantGroup;
			children = (
				BCAB8102230F6A31008CD886 /* Base */,
			);
			name = LaunchScreen.storyboard;
			sourceTree = "<group>";
		};
/* End PBXVariantGroup section */

/* Begin XCBuildConfiguration section */
		BCAB811B230F6A32008CD886 /* Debug */ = {
			isa = XCBuildConfiguration;
			buildSettings = {
				ALWAYS_SEARCH_USER_PATHS = NO;
				CLANG_ANALYZER_NONNULL = YES;
				CLANG_ANALYZER_NUMBER_OBJECT_CONVERSION = YES_AGGRESSIVE;
				CLANG_CXX_LANGUAGE_STANDARD = "gnu++14";
				CLANG_CXX_LIBRARY = "libc++";
				CLANG_ENABLE_MODULES = YES;
				CLANG_ENABLE_OBJC_ARC = YES;
				CLANG_ENABLE_OBJC_WEAK = YES;
				CLANG_WARN_BLOCK_CAPTURE_AUTORELEASING = YES;
				CLANG_WARN_BOOL_CONVERSION = YES;
				CLANG_WARN_COMMA = YES;
				CLANG_WARN_CONSTANT_CONVERSION = YES;
				CLANG_WARN_DEPRECATED_OBJC_IMPLEMENTATIONS = YES;
				CLANG_WARN_DIRECT_OBJC_ISA_USAGE = YES_ERROR;
				CLANG_WARN_DOCUMENTATION_COMMENTS = YES;
				CLANG_WARN_EMPTY_BODY = YES;
				CLANG_WARN_ENUM_CONVERSION = YES;
				CLANG_WARN_INFINITE_RECURSION = YES;
				CLANG_WARN_INT_CONVERSION = YES;
				CLANG_WARN_NON_LITERAL_NULL_CONVERSION = YES;
				CLANG_WARN_OBJC_IMPLICIT_RETAIN_SELF = YES;
				CLANG_WARN_OBJC_LITERAL_CONVERSION = YES;
				CLANG_WARN_OBJC_ROOT_CLASS = YES_ERROR;
				CLANG_WARN_RANGE_LOOP_ANALYSIS = YES;
				CLANG_WARN_STRICT_PROTOTYPES = YES;
				CLANG_WARN_SUSPICIOUS_MOVE = YES;
				CLANG_WARN_UNGUARDED_AVAILABILITY = YES_AGGRESSIVE;
				CLANG_WARN_UNREACHABLE_CODE = YES;
				CLANG_WARN__DUPLICATE_METHOD_MATCH = YES;
				CODE_SIGN_IDENTITY = "iPhone Developer";
				COPY_PHASE_STRIP = NO;
				DEBUG_INFORMATION_FORMAT = dwarf;
				ENABLE_STRICT_OBJC_MSGSEND = YES;
				ENABLE_TESTABILITY = YES;
				GCC_C_LANGUAGE_STANDARD = gnu11;
				GCC_DYNAMIC_NO_PIC = NO;
				GCC_NO_COMMON_BLOCKS = YES;
				GCC_OPTIMIZATION_LEVEL = 0;
				GCC_PREPROCESSOR_DEFINITIONS = (
					"DEBUG=1",
					"$(inherited)",
				);
				GCC_WARN_64_TO_32_BIT_CONVERSION = YES;
				GCC_WARN_ABOUT_RETURN_TYPE = YES_ERROR;
				GCC_WARN_UNDECLARED_SELECTOR = YES;
				GCC_WARN_UNINITIALIZED_AUTOS = YES_AGGRESSIVE;
				GCC_WARN_UNUSED_FUNCTION = YES;
				GCC_WARN_UNUSED_VARIABLE = YES;
				IPHONEOS_DEPLOYMENT_TARGET = 12.4;
				MTL_ENABLE_DEBUG_INFO = INCLUDE_SOURCE;
				MTL_FAST_MATH = YES;
				ONLY_ACTIVE_ARCH = YES;
				SDKROOT = iphoneos;
				SWIFT_ACTIVE_COMPILATION_CONDITIONS = DEBUG;
				SWIFT_OPTIMIZATION_LEVEL = "-Onone";
			};
			name = Debug;
		};
		BCAB811C230F6A32008CD886 /* Release */ = {
			isa = XCBuildConfiguration;
			buildSettings = {
				ALWAYS_SEARCH_USER_PATHS = NO;
				CLANG_ANALYZER_NONNULL = YES;
				CLANG_ANALYZER_NUMBER_OBJECT_CONVERSION = YES_AGGRESSIVE;
				CLANG_CXX_LANGUAGE_STANDARD = "gnu++14";
				CLANG_CXX_LIBRARY = "libc++";
				CLANG_ENABLE_MODULES = YES;
				CLANG_ENABLE_OBJC_ARC = YES;
				CLANG_ENABLE_OBJC_WEAK = YES;
				CLANG_WARN_BLOCK_CAPTURE_AUTORELEASING = YES;
				CLANG_WARN_BOOL_CONVERSION = YES;
				CLANG_WARN_COMMA = YES;
				CLANG_WARN_CONSTANT_CONVERSION = YES;
				CLANG_WARN_DEPRECATED_OBJC_IMPLEMENTATIONS = YES;
				CLANG_WARN_DIRECT_OBJC_ISA_USAGE = YES_ERROR;
				CLANG_WARN_DOCUMENTATION_COMMENTS = YES;
				CLANG_WARN_EMPTY_BODY = YES;
				CLANG_WARN_ENUM_CONVERSION = YES;
				CLANG_WARN_INFINITE_RECURSION = YES;
				CLANG_WARN_INT_CONVERSION = YES;
				CLANG_WARN_NON_LITERAL_NULL_CONVERSION = YES;
				CLANG_WARN_OBJC_IMPLICIT_RETAIN_SELF = YES;
				CLANG_WARN_OBJC_LITERAL_CONVERSION = YES;
				CLANG_WARN_OBJC_ROOT_CLASS = YES_ERROR;
				CLANG_WARN_RANGE_LOOP_ANALYSIS = YES;
				CLANG_WARN_STRICT_PROTOTYPES = YES;
				CLANG_WARN_SUSPICIOUS_MOVE = YES;
				CLANG_WARN_UNGUARDED_AVAILABILITY = YES_AGGRESSIVE;
				CLANG_WARN_UNREACHABLE_CODE = YES;
				CLANG_WARN__DUPLICATE_METHOD_MATCH = YES;
				CODE_SIGN_IDENTITY = "iPhone Developer";
				COPY_PHASE_STRIP = NO;
				DEBUG_INFORMATION_FORMAT = "dwarf-with-dsym";
				ENABLE_NS_ASSERTIONS = NO;
				ENABLE_STRICT_OBJC_MSGSEND = YES;
				GCC_C_LANGUAGE_STANDARD = gnu11;
				GCC_NO_COMMON_BLOCKS = YES;
				GCC_WARN_64_TO_32_BIT_CONVERSION = YES;
				GCC_WARN_ABOUT_RETURN_TYPE = YES_ERROR;
				GCC_WARN_UNDECLARED_SELECTOR = YES;
				GCC_WARN_UNINITIALIZED_AUTOS = YES_AGGRESSIVE;
				GCC_WARN_UNUSED_FUNCTION = YES;
				GCC_WARN_UNUSED_VARIABLE = YES;
				IPHONEOS_DEPLOYMENT_TARGET = 12.4;
				MTL_ENABLE_DEBUG_INFO = NO;
				MTL_FAST_MATH = YES;
				SDKROOT = iphoneos;
				SWIFT_COMPILATION_MODE = wholemodule;
				SWIFT_OPTIMIZATION_LEVEL = "-O";
				VALIDATE_PRODUCT = YES;
			};
			name = Release;
		};
		BCAB811E230F6A32008CD886 /* Debug */ = {
			isa = XCBuildConfiguration;
			buildSettings = {
				ASSETCATALOG_COMPILER_APPICON_NAME = AppIcon;
				CODE_SIGN_STYLE = Automatic;
				DEVELOPMENT_TEAM = ZN88ZVNJBM;
				INFOPLIST_FILE = Expenses/Info.plist;
				LD_RUNPATH_SEARCH_PATHS = (
					"$(inherited)",
					"@executable_path/Frameworks",
				);
				PRODUCT_BUNDLE_IDENTIFIER = ryan.Expenses;
				PRODUCT_NAME = "$(TARGET_NAME)";
				SWIFT_VERSION = 5.0;
				TARGETED_DEVICE_FAMILY = "1,2";
			};
			name = Debug;
		};
		BCAB811F230F6A32008CD886 /* Release */ = {
			isa = XCBuildConfiguration;
			buildSettings = {
				ASSETCATALOG_COMPILER_APPICON_NAME = AppIcon;
				CODE_SIGN_STYLE = Automatic;
				DEVELOPMENT_TEAM = ZN88ZVNJBM;
				INFOPLIST_FILE = Expenses/Info.plist;
				LD_RUNPATH_SEARCH_PATHS = (
					"$(inherited)",
					"@executable_path/Frameworks",
				);
				PRODUCT_BUNDLE_IDENTIFIER = ryan.Expenses;
				PRODUCT_NAME = "$(TARGET_NAME)";
				SWIFT_VERSION = 5.0;
				TARGETED_DEVICE_FAMILY = "1,2";
			};
			name = Release;
		};
		BCAB8121230F6A32008CD886 /* Debug */ = {
			isa = XCBuildConfiguration;
			buildSettings = {
				ALWAYS_EMBED_SWIFT_STANDARD_LIBRARIES = YES;
				BUNDLE_LOADER = "$(TEST_HOST)";
				CODE_SIGN_STYLE = Automatic;
				DEVELOPMENT_TEAM = ZN88ZVNJBM;
				INFOPLIST_FILE = ExpensesTests/Info.plist;
				LD_RUNPATH_SEARCH_PATHS = (
					"$(inherited)",
					"@executable_path/Frameworks",
					"@loader_path/Frameworks",
				);
				PRODUCT_BUNDLE_IDENTIFIER = ryan.ExpensesTests;
				PRODUCT_NAME = "$(TARGET_NAME)";
				SWIFT_VERSION = 5.0;
				TARGETED_DEVICE_FAMILY = "1,2";
				TEST_HOST = "$(BUILT_PRODUCTS_DIR)/Expenses.app/Expenses";
			};
			name = Debug;
		};
		BCAB8122230F6A32008CD886 /* Release */ = {
			isa = XCBuildConfiguration;
			buildSettings = {
				ALWAYS_EMBED_SWIFT_STANDARD_LIBRARIES = YES;
				BUNDLE_LOADER = "$(TEST_HOST)";
				CODE_SIGN_STYLE = Automatic;
				DEVELOPMENT_TEAM = ZN88ZVNJBM;
				INFOPLIST_FILE = ExpensesTests/Info.plist;
				LD_RUNPATH_SEARCH_PATHS = (
					"$(inherited)",
					"@executable_path/Frameworks",
					"@loader_path/Frameworks",
				);
				PRODUCT_BUNDLE_IDENTIFIER = ryan.ExpensesTests;
				PRODUCT_NAME = "$(TARGET_NAME)";
				SWIFT_VERSION = 5.0;
				TARGETED_DEVICE_FAMILY = "1,2";
				TEST_HOST = "$(BUILT_PRODUCTS_DIR)/Expenses.app/Expenses";
			};
			name = Release;
		};
		BCAB8124230F6A32008CD886 /* Debug */ = {
			isa = XCBuildConfiguration;
			buildSettings = {
				ALWAYS_EMBED_SWIFT_STANDARD_LIBRARIES = YES;
				CODE_SIGN_STYLE = Automatic;
				DEVELOPMENT_TEAM = ZN88ZVNJBM;
				INFOPLIST_FILE = ExpensesUITests/Info.plist;
				LD_RUNPATH_SEARCH_PATHS = (
					"$(inherited)",
					"@executable_path/Frameworks",
					"@loader_path/Frameworks",
				);
				PRODUCT_BUNDLE_IDENTIFIER = ryan.ExpensesUITests;
				PRODUCT_NAME = "$(TARGET_NAME)";
				SWIFT_VERSION = 5.0;
				TARGETED_DEVICE_FAMILY = "1,2";
				TEST_TARGET_NAME = Expenses;
			};
			name = Debug;
		};
		BCAB8125230F6A32008CD886 /* Release */ = {
			isa = XCBuildConfiguration;
			buildSettings = {
				ALWAYS_EMBED_SWIFT_STANDARD_LIBRARIES = YES;
				CODE_SIGN_STYLE = Automatic;
				DEVELOPMENT_TEAM = ZN88ZVNJBM;
				INFOPLIST_FILE = ExpensesUITests/Info.plist;
				LD_RUNPATH_SEARCH_PATHS = (
					"$(inherited)",
					"@executable_path/Frameworks",
					"@loader_path/Frameworks",
				);
				PRODUCT_BUNDLE_IDENTIFIER = ryan.ExpensesUITests;
				PRODUCT_NAME = "$(TARGET_NAME)";
				SWIFT_VERSION = 5.0;
				TARGETED_DEVICE_FAMILY = "1,2";
				TEST_TARGET_NAME = Expenses;
			};
			name = Release;
		};
/* End XCBuildConfiguration section */

/* Begin XCConfigurationList section */
		BCAB80F0230F6A31008CD886 /* Build configuration list for PBXProject "Expenses" */ = {
			isa = XCConfigurationList;
			buildConfigurations = (
				BCAB811B230F6A32008CD886 /* Debug */,
				BCAB811C230F6A32008CD886 /* Release */,
			);
			defaultConfigurationIsVisible = 0;
			defaultConfigurationName = Release;
		};
		BCAB811D230F6A32008CD886 /* Build configuration list for PBXNativeTarget "Expenses" */ = {
			isa = XCConfigurationList;
			buildConfigurations = (
				BCAB811E230F6A32008CD886 /* Debug */,
				BCAB811F230F6A32008CD886 /* Release */,
			);
			defaultConfigurationIsVisible = 0;
			defaultConfigurationName = Release;
		};
		BCAB8120230F6A32008CD886 /* Build configuration list for PBXNativeTarget "ExpensesTests" */ = {
			isa = XCConfigurationList;
			buildConfigurations = (
				BCAB8121230F6A32008CD886 /* Debug */,
				BCAB8122230F6A32008CD886 /* Release */,
			);
			defaultConfigurationIsVisible = 0;
			defaultConfigurationName = Release;
		};
		BCAB8123230F6A32008CD886 /* Build configuration list for PBXNativeTarget "ExpensesUITests" */ = {
			isa = XCConfigurationList;
			buildConfigurations = (
				BCAB8124230F6A32008CD886 /* Debug */,
				BCAB8125230F6A32008CD886 /* Release */,
			);
			defaultConfigurationIsVisible = 0;
			defaultConfigurationName = Release;
		};
/* End XCConfigurationList section */
	};
	rootObject = BCAB80ED230F6A31008CD886 /* Project object */;
}
